
Microsoft Visual Studio Solution File, Format Version 12.00
# Visual Studio Version 17
VisualStudioVersion = 17.4.33213.308
MinimumVisualStudioVersion = 10.0.40219.1
Project("{FAE04EC0-301F-11D3-BF4B-00C04F79EFBC}") = "FinanceTracker", "FinanceTracker\FinanceTracker.csproj", "{62E1CD66-5BF5-4BF3-8EA5-A09783BAFE1E}"
EndProject
Global
	GlobalSection(SolutionConfigurationPlatforms) = preSolution
		Debug|Any CPU = Debug|Any CPU
		Release|Any CPU = Release|Any CPU
	EndGlobalSection
	GlobalSection(ProjectConfigurationPlatforms) = postSolution
		{62E1CD66-5BF5-4BF3-8EA5-A09783BAFE1E}.Debug|Any CPU.ActiveCfg = Debug|Any CPU
		{62E1CD66-5BF5-4BF3-8EA5-A09783BAFE1E}.Debug|Any CPU.Build.0 = Debug|Any CPU
		{62E1CD66-5BF5-4BF3-8EA5-A09783BAFE1E}.Release|Any CPU.ActiveCfg = Release|Any CPU
		{62E1CD66-5BF5-4BF3-8EA5-A09783BAFE1E}.Release|Any CPU.Build.0 = Release|Any CPU
	EndGlobalSection
	GlobalSection(SolutionProperties) = preSolution
		HideSolutionNode = FALSE
	EndGlobalSection
	GlobalSection(ExtensibilityGlobals) = postSolution
		SolutionGuid = {BD9F4245-AED2-4C0F-A5E1-BDE0DA2019F4}
	EndGlobalSection
EndGlobal
